
Microsoft Visual Studio Solution File, Format Version 12.00
# Visual Studio Version 17
VisualStudioVersion = 17.14.36401.2
MinimumVisualStudioVersion = 10.0.40219.1
Project("{2150E333-8FDC-42A3-9474-1A3956D46DE8}") = ".README", ".README", "{02EA681E-C7D8-13C7-8484-4AC65E1B71E8}"
	ProjectSection(SolutionItems) = preProject
		README.md = README.md
	EndProjectSection
EndProject
Project("{FAE04EC0-301F-11D3-BF4B-00C04F79EFBC}") = "RetryLib", "RetryLib\RetryLib.csproj", "{DFE763D3-BB2B-705B-477F-0102720BEAB1}"
EndProject
Project("{FAE04EC0-301F-11D3-BF4B-00C04F79EFBC}") = "RetryDemo", "RetryDemo\RetryDemo.csproj", "{D1C5928F-3A0E-4534-C5CC-63D72976AC00}"
EndProject
Project("{7CF6DF6D-3B04-46F8-A40B-537D21BCA0B4}") = "RetryHelp", "RetryHelp\RetryHelp.shfbproj", "{13155DEC-96E5-ADAC-7787-0F2A264AB8C6}"
	ProjectSection(ProjectDependencies) = postProject
		{DFE763D3-BB2B-705B-477F-0102720BEAB1} = {DFE763D3-BB2B-705B-477F-0102720BEAB1}
	EndProjectSection
EndProject
Project("{2150E333-8FDC-42A3-9474-1A3956D46DE8}") = ".GITHUB", ".GITHUB", "{C3AA6B75-8560-4FF7-A6BE-009CE460F2EB}"
	ProjectSection(SolutionItems) = preProject
		.github\workflow\ci.yml = .github\workflow\ci.yml
		.github\workflow\pre-release.yml = .github\workflow\pre-release.yml
		.github\workflow\release.yml = .github\workflow\release.yml
	EndProjectSection
EndProject
Project("{2150E333-8FDC-42A3-9474-1A3956D46DE8}") = ".NUGET", ".NUGET", "{756B3C43-CC1B-4B4E-BF7E-4856A9CC574E}"
	ProjectSection(SolutionItems) = preProject
		.nuget\publish.ps1 = .nuget\publish.ps1
	EndProjectSection
EndProject
Global
	GlobalSection(SolutionConfigurationPlatforms) = preSolution
		Debug|Any CPU = Debug|Any CPU
		Release|Any CPU = Release|Any CPU
	EndGlobalSection
	GlobalSection(ProjectConfigurationPlatforms) = postSolution
		{DFE763D3-BB2B-705B-477F-0102720BEAB1}.Debug|Any CPU.ActiveCfg = Debug|Any CPU
		{DFE763D3-BB2B-705B-477F-0102720BEAB1}.Debug|Any CPU.Build.0 = Debug|Any CPU
		{DFE763D3-BB2B-705B-477F-0102720BEAB1}.Release|Any CPU.ActiveCfg = Release|Any CPU
		{DFE763D3-BB2B-705B-477F-0102720BEAB1}.Release|Any CPU.Build.0 = Release|Any CPU
		{D1C5928F-3A0E-4534-C5CC-63D72976AC00}.Debug|Any CPU.ActiveCfg = Debug|Any CPU
		{D1C5928F-3A0E-4534-C5CC-63D72976AC00}.Debug|Any CPU.Build.0 = Debug|Any CPU
		{D1C5928F-3A0E-4534-C5CC-63D72976AC00}.Release|Any CPU.ActiveCfg = Release|Any CPU
		{D1C5928F-3A0E-4534-C5CC-63D72976AC00}.Release|Any CPU.Build.0 = Release|Any CPU
		{13155DEC-96E5-ADAC-7787-0F2A264AB8C6}.Debug|Any CPU.ActiveCfg = Debug|Any CPU
		{13155DEC-96E5-ADAC-7787-0F2A264AB8C6}.Release|Any CPU.ActiveCfg = Release|Any CPU
	EndGlobalSection
	GlobalSection(SolutionProperties) = preSolution
		HideSolutionNode = FALSE
	EndGlobalSection
	GlobalSection(ExtensibilityGlobals) = postSolution
		SolutionGuid = {05F76E58-EFDB-4C0D-BEA3-C6D7F9979B3D}
	EndGlobalSection
EndGlobal
